<?xml version="1.0" encoding="utf-8"?>
<Project ToolsVersion="4.0" xmlns="http://schemas.microsoft.com/developer/msbuild/2003">
  <ItemGroup>
    <ClCompile Include="main.cpp" />
  </ItemGroup>
  <ItemGroup>
    <ClInclude Include="JaggedArray\JaggedArray.inl" />
    <ClInclude Include="direction\direction.hpp" />
    <ClInclude Include="direction\direction.inl" />
    <ClInclude Include="JaggedArray\JaggedArray.h" />
    <ClInclude Include="matrix\matrix.hpp" />
    <ClInclude Include="matrix\matrix.inl" />
    <ClInclude Include="point\point.hpp" />
    <ClInclude Include="point\point.inl" />
    <ClInclude Include="BackgroundThread\BackgroundThread.hpp" />
    <ClInclude Include="BackgroundThread\BackgroundThread.inl" />
  </ItemGroup>
</Project>